// !$*UTF8*$!
{
	archiveVersion = 1;
	classes = {
	};
	objectVersion = 55;
	objects = {

/* Begin PBXBuildFile section */
		4DA9A26C2748EFFF00070A45 /* AppDelegate.swift in Sources */ = {isa = PBXBuildFile; fileRef = 4DA9A26B2748EFFF00070A45 /* AppDelegate.swift */; };
		4DA9A26E2748EFFF00070A45 /* SceneDelegate.swift in Sources */ = {isa = PBXBuildFile; fileRef = 4DA9A26D2748EFFF00070A45 /* SceneDelegate.swift */; };
		4DA9A2702748EFFF00070A45 /* ViewController.swift in Sources */ = {isa = PBXBuildFile; fileRef = 4DA9A26F2748EFFF00070A45 /* ViewController.swift */; };
		4DA9A2732748EFFF00070A45 /* Main.storyboard in Resources */ = {isa = PBXBuildFile; fileRef = 4DA9A2712748EFFF00070A45 /* Main.storyboard */; };
		4DA9A2752748F00100070A45 /* Assets.xcassets in Resources */ = {isa = PBXBuildFile; fileRef = 4DA9A2742748F00100070A45 /* Assets.xcassets */; };
		4DA9A2782748F00100070A45 /* LaunchScreen.storyboard in Resources */ = {isa = PBXBuildFile; fileRef = 4DA9A2762748F00100070A45 /* LaunchScreen.storyboard */; };
		7C6637E7276F68B900765983 /* Word.swift in Sources */ = {isa = PBXBuildFile; fileRef = 7C6637E6276F68B900765983 /* Word.swift */; };
		7C6637EA276F691200765983 /* NetworkService.swift in Sources */ = {isa = PBXBuildFile; fileRef = 7C6637E9276F691200765983 /* NetworkService.swift */; };
		7C7F1D73276F4C1700669E53 /* 007-011_2021.xcdatamodeld in Sources */ = {isa = PBXBuildFile; fileRef = 7C7F1D71276F4C1700669E53 /* 007-011_2021.xcdatamodeld */; };
		7C7F1D75276F4F9B00669E53 /* SearchViewController.swift in Sources */ = {isa = PBXBuildFile; fileRef = 7C7F1D74276F4F9B00669E53 /* SearchViewController.swift */; };
		7C7F1D77276F4FBA00669E53 /* SavedViewController.swift in Sources */ = {isa = PBXBuildFile; fileRef = 7C7F1D76276F4FBA00669E53 /* SavedViewController.swift */; };
		7C7F1D79276F4FDE00669E53 /* PersistableService.swift in Sources */ = {isa = PBXBuildFile; fileRef = 7C7F1D78276F4FDE00669E53 /* PersistableService.swift */; };
		7C7F1D7C276F503900669E53 /* WordTableViewCell.swift in Sources */ = {isa = PBXBuildFile; fileRef = 7C7F1D7B276F503900669E53 /* WordTableViewCell.swift */; };
		7C8952C62770256200B4FA8A /* Meanings.swift in Sources */ = {isa = PBXBuildFile; fileRef = 7C8952C52770256200B4FA8A /* Meanings.swift */; };
		7C8952C8277025D200B4FA8A /* Definitions.swift in Sources */ = {isa = PBXBuildFile; fileRef = 7C8952C7277025D200B4FA8A /* Definitions.swift */; };
		7C8952D027702FCB00B4FA8A /* DefenitionEntity+CoreDataClass.swift in Sources */ = {isa = PBXBuildFile; fileRef = 7C8952CA27702FCB00B4FA8A /* DefenitionEntity+CoreDataClass.swift */; };
		7C8952D127702FCB00B4FA8A /* DefenitionEntity+CoreDataProperties.swift in Sources */ = {isa = PBXBuildFile; fileRef = 7C8952CB27702FCB00B4FA8A /* DefenitionEntity+CoreDataProperties.swift */; };
		7C8952D227702FCB00B4FA8A /* WordEntity+CoreDataClass.swift in Sources */ = {isa = PBXBuildFile; fileRef = 7C8952CC27702FCB00B4FA8A /* WordEntity+CoreDataClass.swift */; };
		7C8952D327702FCB00B4FA8A /* WordEntity+CoreDataProperties.swift in Sources */ = {isa = PBXBuildFile; fileRef = 7C8952CD27702FCB00B4FA8A /* WordEntity+CoreDataProperties.swift */; };
		7C8952D427702FCB00B4FA8A /* MeaningEntity+CoreDataClass.swift in Sources */ = {isa = PBXBuildFile; fileRef = 7C8952CE27702FCB00B4FA8A /* MeaningEntity+CoreDataClass.swift */; };
		7C8952D527702FCB00B4FA8A /* MeaningEntity+CoreDataProperties.swift in Sources */ = {isa = PBXBuildFile; fileRef = 7C8952CF27702FCB00B4FA8A /* MeaningEntity+CoreDataProperties.swift */; };
/* End PBXBuildFile section */

/* Begin PBXFileReference section */
		4DA9A2682748EFFF00070A45 /* 007-011_2021.app */ = {isa = PBXFileReference; explicitFileType = wrapper.application; includeInIndex = 0; path = "007-011_2021.app"; sourceTree = BUILT_PRODUCTS_DIR; };
		4DA9A26B2748EFFF00070A45 /* AppDelegate.swift */ = {isa = PBXFileReference; lastKnownFileType = sourcecode.swift; path = AppDelegate.swift; sourceTree = "<group>"; };
		4DA9A26D2748EFFF00070A45 /* SceneDelegate.swift */ = {isa = PBXFileReference; lastKnownFileType = sourcecode.swift; path = SceneDelegate.swift; sourceTree = "<group>"; };
		4DA9A26F2748EFFF00070A45 /* ViewController.swift */ = {isa = PBXFileReference; lastKnownFileType = sourcecode.swift; path = ViewController.swift; sourceTree = "<group>"; };
		4DA9A2722748EFFF00070A45 /* Base */ = {isa = PBXFileReference; lastKnownFileType = file.storyboard; name = Base; path = Base.lproj/Main.storyboard; sourceTree = "<group>"; };
		4DA9A2742748F00100070A45 /* Assets.xcassets */ = {isa = PBXFileReference; lastKnownFileType = folder.assetcatalog; path = Assets.xcassets; sourceTree = "<group>"; };
		4DA9A2772748F00100070A45 /* Base */ = {isa = PBXFileReference; lastKnownFileType = file.storyboard; name = Base; path = Base.lproj/LaunchScreen.storyboard; sourceTree = "<group>"; };
		4DA9A2792748F00100070A45 /* Info.plist */ = {isa = PBXFileReference; lastKnownFileType = text.plist.xml; path = Info.plist; sourceTree = "<group>"; };
		7C6637E6276F68B900765983 /* Word.swift */ = {isa = PBXFileReference; lastKnownFileType = sourcecode.swift; path = Word.swift; sourceTree = "<group>"; };
		7C6637E9276F691200765983 /* NetworkService.swift */ = {isa = PBXFileReference; lastKnownFileType = sourcecode.swift; path = NetworkService.swift; sourceTree = "<group>"; };
		7C7F1D72276F4C1700669E53 /* 007-011_2021.xcdatamodel */ = {isa = PBXFileReference; lastKnownFileType = wrapper.xcdatamodel; path = "007-011_2021.xcdatamodel"; sourceTree = "<group>"; };
		7C7F1D74276F4F9B00669E53 /* SearchViewController.swift */ = {isa = PBXFileReference; lastKnownFileType = sourcecode.swift; path = SearchViewController.swift; sourceTree = "<group>"; };
		7C7F1D76276F4FBA00669E53 /* SavedViewController.swift */ = {isa = PBXFileReference; lastKnownFileType = sourcecode.swift; path = SavedViewController.swift; sourceTree = "<group>"; };
		7C7F1D78276F4FDE00669E53 /* PersistableService.swift */ = {isa = PBXFileReference; lastKnownFileType = sourcecode.swift; path = PersistableService.swift; sourceTree = "<group>"; };
		7C7F1D7B276F503900669E53 /* WordTableViewCell.swift */ = {isa = PBXFileReference; lastKnownFileType = sourcecode.swift; path = WordTableViewCell.swift; sourceTree = "<group>"; };
		7C8952C52770256200B4FA8A /* Meanings.swift */ = {isa = PBXFileReference; lastKnownFileType = sourcecode.swift; path = Meanings.swift; sourceTree = "<group>"; };
		7C8952C7277025D200B4FA8A /* Definitions.swift */ = {isa = PBXFileReference; lastKnownFileType = sourcecode.swift; path = Definitions.swift; sourceTree = "<group>"; };
		7C8952CA27702FCB00B4FA8A /* DefenitionEntity+CoreDataClass.swift */ = {isa = PBXFileReference; lastKnownFileType = sourcecode.swift; path = "DefenitionEntity+CoreDataClass.swift"; sourceTree = "<group>"; };
		7C8952CB27702FCB00B4FA8A /* DefenitionEntity+CoreDataProperties.swift */ = {isa = PBXFileReference; lastKnownFileType = sourcecode.swift; path = "DefenitionEntity+CoreDataProperties.swift"; sourceTree = "<group>"; };
		7C8952CC27702FCB00B4FA8A /* WordEntity+CoreDataClass.swift */ = {isa = PBXFileReference; lastKnownFileType = sourcecode.swift; path = "WordEntity+CoreDataClass.swift"; sourceTree = "<group>"; };
		7C8952CD27702FCB00B4FA8A /* WordEntity+CoreDataProperties.swift */ = {isa = PBXFileReference; lastKnownFileType = sourcecode.swift; path = "WordEntity+CoreDataProperties.swift"; sourceTree = "<group>"; };
		7C8952CE27702FCB00B4FA8A /* MeaningEntity+CoreDataClass.swift */ = {isa = PBXFileReference; lastKnownFileType = sourcecode.swift; path = "MeaningEntity+CoreDataClass.swift"; sourceTree = "<group>"; };
		7C8952CF27702FCB00B4FA8A /* MeaningEntity+CoreDataProperties.swift */ = {isa = PBXFileReference; lastKnownFileType = sourcecode.swift; path = "MeaningEntity+CoreDataProperties.swift"; sourceTree = "<group>"; };
/* End PBXFileReference section */

/* Begin PBXFrameworksBuildPhase section */
		4DA9A2652748EFFF00070A45 /* Frameworks */ = {
			isa = PBXFrameworksBuildPhase;
			buildActionMask = 2147483647;
			files = (
			);
			runOnlyForDeploymentPostprocessing = 0;
		};
/* End PBXFrameworksBuildPhase section */

/* Begin PBXGroup section */
		4DA9A25F2748EFFF00070A45 = {
			isa = PBXGroup;
			children = (
				4DA9A26A2748EFFF00070A45 /* 007-011_2021 */,
				4DA9A2692748EFFF00070A45 /* Products */,
			);
			sourceTree = "<group>";
		};
		4DA9A2692748EFFF00070A45 /* Products */ = {
			isa = PBXGroup;
			children = (
				4DA9A2682748EFFF00070A45 /* 007-011_2021.app */,
			);
			name = Products;
			sourceTree = "<group>";
		};
		4DA9A26A2748EFFF00070A45 /* 007-011_2021 */ = {
			isa = PBXGroup;
			children = (
				7C6637EC276F695700765983 /* Views */,
				7C6637EB276F692300765983 /* Controllers */,
				7C6637E8276F68FD00765983 /* Services */,
				7C7F1D7A276F500100669E53 /* Models */,
				4DA9A26F2748EFFF00070A45 /* ViewController.swift */,
				7C6637ED276F696600765983 /* Base */,
				4DA9A2742748F00100070A45 /* Assets.xcassets */,
				4DA9A2792748F00100070A45 /* Info.plist */,
				7C7F1D71276F4C1700669E53 /* 007-011_2021.xcdatamodeld */,
			);
			path = "007-011_2021";
			sourceTree = "<group>";
		};
		7C6637E8276F68FD00765983 /* Services */ = {
			isa = PBXGroup;
			children = (
				7C7F1D78276F4FDE00669E53 /* PersistableService.swift */,
				7C6637E9276F691200765983 /* NetworkService.swift */,
			);
			path = Services;
			sourceTree = "<group>";
		};
		7C6637EB276F692300765983 /* Controllers */ = {
			isa = PBXGroup;
			children = (
				7C7F1D74276F4F9B00669E53 /* SearchViewController.swift */,
				7C7F1D76276F4FBA00669E53 /* SavedViewController.swift */,
			);
			path = Controllers;
			sourceTree = "<group>";
		};
		7C6637EC276F695700765983 /* Views */ = {
			isa = PBXGroup;
			children = (
				4DA9A2762748F00100070A45 /* LaunchScreen.storyboard */,
				4DA9A2712748EFFF00070A45 /* Main.storyboard */,
			);
			path = Views;
			sourceTree = "<group>";
		};
		7C6637ED276F696600765983 /* Base */ = {
			isa = PBXGroup;
			children = (
				4DA9A26B2748EFFF00070A45 /* AppDelegate.swift */,
				4DA9A26D2748EFFF00070A45 /* SceneDelegate.swift */,
			);
			path = Base;
			sourceTree = "<group>";
		};
		7C7F1D7A276F500100669E53 /* Models */ = {
			isa = PBXGroup;
			children = (
				7C7F1D7B276F503900669E53 /* WordTableViewCell.swift */,
				7C8952C9277026C200B4FA8A /* Structs */,
				7C7F1D89276F516E00669E53 /* Entities */,
			);
			path = Models;
			sourceTree = "<group>";
		};
		7C7F1D89276F516E00669E53 /* Entities */ = {
			isa = PBXGroup;
			children = (
				7C8952CA27702FCB00B4FA8A /* DefenitionEntity+CoreDataClass.swift */,
				7C8952CB27702FCB00B4FA8A /* DefenitionEntity+CoreDataProperties.swift */,
				7C8952CC27702FCB00B4FA8A /* WordEntity+CoreDataClass.swift */,
				7C8952CD27702FCB00B4FA8A /* WordEntity+CoreDataProperties.swift */,
				7C8952CE27702FCB00B4FA8A /* MeaningEntity+CoreDataClass.swift */,
				7C8952CF27702FCB00B4FA8A /* MeaningEntity+CoreDataProperties.swift */,
			);
			path = Entities;
			sourceTree = "<group>";
		};
		7C8952C9277026C200B4FA8A /* Structs */ = {
			isa = PBXGroup;
			children = (
				7C6637E6276F68B900765983 /* Word.swift */,
				7C8952C52770256200B4FA8A /* Meanings.swift */,
				7C8952C7277025D200B4FA8A /* Definitions.swift */,
			);
			path = Structs;
			sourceTree = "<group>";
		};
/* End PBXGroup section */

/* Begin PBXNativeTarget section */
		4DA9A2672748EFFF00070A45 /* 007-011_2021 */ = {
			isa = PBXNativeTarget;
			buildConfigurationList = 4DA9A27C2748F00100070A45 /* Build configuration list for PBXNativeTarget "007-011_2021" */;
			buildPhases = (
				4DA9A2642748EFFF00070A45 /* Sources */,
				4DA9A2652748EFFF00070A45 /* Frameworks */,
				4DA9A2662748EFFF00070A45 /* Resources */,
			);
			buildRules = (
			);
			dependencies = (
			);
			name = "007-011_2021";
			productName = "007-011_2021";
			productReference = 4DA9A2682748EFFF00070A45 /* 007-011_2021.app */;
			productType = "com.apple.product-type.application";
		};
/* End PBXNativeTarget section */

/* Begin PBXProject section */
		4DA9A2602748EFFF00070A45 /* Project object */ = {
			isa = PBXProject;
			attributes = {
				BuildIndependentTargetsInParallel = 1;
				LastSwiftUpdateCheck = 1310;
				LastUpgradeCheck = 1310;
				TargetAttributes = {
					4DA9A2672748EFFF00070A45 = {
						CreatedOnToolsVersion = 13.1;
					};
				};
			};
			buildConfigurationList = 4DA9A2632748EFFF00070A45 /* Build configuration list for PBXProject "007-011_2021" */;
			compatibilityVersion = "Xcode 13.0";
			developmentRegion = en;
			hasScannedForEncodings = 0;
			knownRegions = (
				en,
				Base,
			);
			mainGroup = 4DA9A25F2748EFFF00070A45;
			productRefGroup = 4DA9A2692748EFFF00070A45 /* Products */;
			projectDirPath = "";
			projectRoot = "";
			targets = (
				4DA9A2672748EFFF00070A45 /* 007-011_2021 */,
			);
		};
/* End PBXProject section */

/* Begin PBXResourcesBuildPhase section */
		4DA9A2662748EFFF00070A45 /* Resources */ = {
			isa = PBXResourcesBuildPhase;
			buildActionMask = 2147483647;
			files = (
				4DA9A2782748F00100070A45 /* LaunchScreen.storyboard in Resources */,
				4DA9A2752748F00100070A45 /* Assets.xcassets in Resources */,
				4DA9A2732748EFFF00070A45 /* Main.storyboard in Resources */,
			);
			runOnlyForDeploymentPostprocessing = 0;
		};
/* End PBXResourcesBuildPhase section */

/* Begin PBXSourcesBuildPhase section */
		4DA9A2642748EFFF00070A45 /* Sources */ = {
			isa = PBXSourcesBuildPhase;
			buildActionMask = 2147483647;
			files = (
				7C7F1D79276F4FDE00669E53 /* PersistableService.swift in Sources */,
				7C8952D227702FCB00B4FA8A /* WordEntity+CoreDataClass.swift in Sources */,
				7C8952D527702FCB00B4FA8A /* MeaningEntity+CoreDataProperties.swift in Sources */,
				7C8952D327702FCB00B4FA8A /* WordEntity+CoreDataProperties.swift in Sources */,
				7C8952D427702FCB00B4FA8A /* MeaningEntity+CoreDataClass.swift in Sources */,
				7C6637E7276F68B900765983 /* Word.swift in Sources */,
				7C8952C62770256200B4FA8A /* Meanings.swift in Sources */,
				7C7F1D7C276F503900669E53 /* WordTableViewCell.swift in Sources */,
				7C7F1D77276F4FBA00669E53 /* SavedViewController.swift in Sources */,
				7C7F1D75276F4F9B00669E53 /* SearchViewController.swift in Sources */,
				7C8952D027702FCB00B4FA8A /* DefenitionEntity+CoreDataClass.swift in Sources */,
				4DA9A2702748EFFF00070A45 /* ViewController.swift in Sources */,
				4DA9A26C2748EFFF00070A45 /* AppDelegate.swift in Sources */,
				7C8952C8277025D200B4FA8A /* Definitions.swift in Sources */,
				7C6637EA276F691200765983 /* NetworkService.swift in Sources */,
				4DA9A26E2748EFFF00070A45 /* SceneDelegate.swift in Sources */,
				7C7F1D73276F4C1700669E53 /* 007-011_2021.xcdatamodeld in Sources */,
				7C8952D127702FCB00B4FA8A /* DefenitionEntity+CoreDataProperties.swift in Sources */,
			);
			runOnlyForDeploymentPostprocessing = 0;
		};
/* End PBXSourcesBuildPhase section */

/* Begin PBXVariantGroup section */
		4DA9A2712748EFFF00070A45 /* Main.storyboard */ = {
			isa = PBXVariantGroup;
			children = (
				4DA9A2722748EFFF00070A45 /* Base */,
			);
			name = Main.storyboard;
			sourceTree = "<group>";
		};
		4DA9A2762748F00100070A45 /* LaunchScreen.storyboard */ = {
			isa = PBXVariantGroup;
			children = (
				4DA9A2772748F00100070A45 /* Base */,
			);
			name = LaunchScreen.storyboard;
			sourceTree = "<group>";
		};
/* End PBXVariantGroup section */

/* Begin XCBuildConfiguration section */
		4DA9A27A2748F00100070A45 /* Debug */ = {
			isa = XCBuildConfiguration;
			buildSettings = {
				ALWAYS_SEARCH_USER_PATHS = NO;
				CLANG_ANALYZER_NONNULL = YES;
				CLANG_ANALYZER_NUMBER_OBJECT_CONVERSION = YES_AGGRESSIVE;
				CLANG_CXX_LANGUAGE_STANDARD = "gnu++17";
				CLANG_CXX_LIBRARY = "libc++";
				CLANG_ENABLE_MODULES = YES;
				CLANG_ENABLE_OBJC_ARC = YES;
				CLANG_ENABLE_OBJC_WEAK = YES;
				CLANG_WARN_BLOCK_CAPTURE_AUTORELEASING = YES;
				CLANG_WARN_BOOL_CONVERSION = YES;
				CLANG_WARN_COMMA = YES;
				CLANG_WARN_CONSTANT_CONVERSION = YES;
				CLANG_WARN_DEPRECATED_OBJC_IMPLEMENTATIONS = YES;
				CLANG_WARN_DIRECT_OBJC_ISA_USAGE = YES_ERROR;
				CLANG_WARN_DOCUMENTATION_COMMENTS = YES;
				CLANG_WARN_EMPTY_BODY = YES;
				CLANG_WARN_ENUM_CONVERSION = YES;
				CLANG_WARN_INFINITE_RECURSION = YES;
				CLANG_WARN_INT_CONVERSION = YES;
				CLANG_WARN_NON_LITERAL_NULL_CONVERSION = YES;
				CLANG_WARN_OBJC_IMPLICIT_RETAIN_SELF = YES;
				CLANG_WARN_OBJC_LITERAL_CONVERSION = YES;
				CLANG_WARN_OBJC_ROOT_CLASS = YES_ERROR;
				CLANG_WARN_QUOTED_INCLUDE_IN_FRAMEWORK_HEADER = YES;
				CLANG_WARN_RANGE_LOOP_ANALYSIS = YES;
				CLANG_WARN_STRICT_PROTOTYPES = YES;
				CLANG_WARN_SUSPICIOUS_MOVE = YES;
				CLANG_WARN_UNGUARDED_AVAILABILITY = YES_AGGRESSIVE;
				CLANG_WARN_UNREACHABLE_CODE = YES;
				CLANG_WARN__DUPLICATE_METHOD_MATCH = YES;
				COPY_PHASE_STRIP = NO;
				DEBUG_INFORMATION_FORMAT = dwarf;
				ENABLE_STRICT_OBJC_MSGSEND = YES;
				ENABLE_TESTABILITY = YES;
				GCC_C_LANGUAGE_STANDARD = gnu11;
				GCC_DYNAMIC_NO_PIC = NO;
				GCC_NO_COMMON_BLOCKS = YES;
				GCC_OPTIMIZATION_LEVEL = 0;
				GCC_PREPROCESSOR_DEFINITIONS = (
					"DEBUG=1",
					"$(inherited)",
				);
				GCC_WARN_64_TO_32_BIT_CONVERSION = YES;
				GCC_WARN_ABOUT_RETURN_TYPE = YES_ERROR;
				GCC_WARN_UNDECLARED_SELECTOR = YES;
				GCC_WARN_UNINITIALIZED_AUTOS = YES_AGGRESSIVE;
				GCC_WARN_UNUSED_FUNCTION = YES;
				GCC_WARN_UNUSED_VARIABLE = YES;
				IPHONEOS_DEPLOYMENT_TARGET = 15.0;
				MTL_ENABLE_DEBUG_INFO = INCLUDE_SOURCE;
				MTL_FAST_MATH = YES;
				ONLY_ACTIVE_ARCH = YES;
				SDKROOT = iphoneos;
				SWIFT_ACTIVE_COMPILATION_CONDITIONS = DEBUG;
				SWIFT_OPTIMIZATION_LEVEL = "-Onone";
			};
			name = Debug;
		};
		4DA9A27B2748F00100070A45 /* Release */ = {
			isa = XCBuildConfiguration;
			buildSettings = {
				ALWAYS_SEARCH_USER_PATHS = NO;
				CLANG_ANALYZER_NONNULL = YES;
				CLANG_ANALYZER_NUMBER_OBJECT_CONVERSION = YES_AGGRESSIVE;
				CLANG_CXX_LANGUAGE_STANDARD = "gnu++17";
				CLANG_CXX_LIBRARY = "libc++";
				CLANG_ENABLE_MODULES = YES;
				CLANG_ENABLE_OBJC_ARC = YES;
				CLANG_ENABLE_OBJC_WEAK = YES;
				CLANG_WARN_BLOCK_CAPTURE_AUTORELEASING = YES;
				CLANG_WARN_BOOL_CONVERSION = YES;
				CLANG_WARN_COMMA = YES;
				CLANG_WARN_CONSTANT_CONVERSION = YES;
				CLANG_WARN_DEPRECATED_OBJC_IMPLEMENTATIONS = YES;
				CLANG_WARN_DIRECT_OBJC_ISA_USAGE = YES_ERROR;
				CLANG_WARN_DOCUMENTATION_COMMENTS = YES;
				CLANG_WARN_EMPTY_BODY = YES;
				CLANG_WARN_ENUM_CONVERSION = YES;
				CLANG_WARN_INFINITE_RECURSION = YES;
				CLANG_WARN_INT_CONVERSION = YES;
				CLANG_WARN_NON_LITERAL_NULL_CONVERSION = YES;
				CLANG_WARN_OBJC_IMPLICIT_RETAIN_SELF = YES;
				CLANG_WARN_OBJC_LITERAL_CONVERSION = YES;
				CLANG_WARN_OBJC_ROOT_CLASS = YES_ERROR;
				CLANG_WARN_QUOTED_INCLUDE_IN_FRAMEWORK_HEADER = YES;
				CLANG_WARN_RANGE_LOOP_ANALYSIS = YES;
				CLANG_WARN_STRICT_PROTOTYPES = YES;
				CLANG_WARN_SUSPICIOUS_MOVE = YES;
				CLANG_WARN_UNGUARDED_AVAILABILITY = YES_AGGRESSIVE;
				CLANG_WARN_UNREACHABLE_CODE = YES;
				CLANG_WARN__DUPLICATE_METHOD_MATCH = YES;
				COPY_PHASE_STRIP = NO;
				DEBUG_INFORMATION_FORMAT = "dwarf-with-dsym";
				ENABLE_NS_ASSERTIONS = NO;
				ENABLE_STRICT_OBJC_MSGSEND = YES;
				GCC_C_LANGUAGE_STANDARD = gnu11;
				GCC_NO_COMMON_BLOCKS = YES;
				GCC_WARN_64_TO_32_BIT_CONVERSION = YES;
				GCC_WARN_ABOUT_RETURN_TYPE = YES_ERROR;
				GCC_WARN_UNDECLARED_SELECTOR = YES;
				GCC_WARN_UNINITIALIZED_AUTOS = YES_AGGRESSIVE;
				GCC_WARN_UNUSED_FUNCTION = YES;
				GCC_WARN_UNUSED_VARIABLE = YES;
				IPHONEOS_DEPLOYMENT_TARGET = 15.0;
				MTL_ENABLE_DEBUG_INFO = NO;
				MTL_FAST_MATH = YES;
				SDKROOT = iphoneos;
				SWIFT_COMPILATION_MODE = wholemodule;
				SWIFT_OPTIMIZATION_LEVEL = "-O";
				VALIDATE_PRODUCT = YES;
			};
			name = Release;
		};
		4DA9A27D2748F00100070A45 /* Debug */ = {
			isa = XCBuildConfiguration;
			buildSettings = {
				ASSETCATALOG_COMPILER_APPICON_NAME = AppIcon;
				ASSETCATALOG_COMPILER_GLOBAL_ACCENT_COLOR_NAME = AccentColor;
				CODE_SIGN_STYLE = Automatic;
				CURRENT_PROJECT_VERSION = 1;
				DEVELOPMENT_TEAM = 939KD425D9;
				GENERATE_INFOPLIST_FILE = YES;
				INFOPLIST_FILE = "007-011_2021/Info.plist";
				INFOPLIST_KEY_UIApplicationSupportsIndirectInputEvents = YES;
				INFOPLIST_KEY_UILaunchStoryboardName = LaunchScreen;
				INFOPLIST_KEY_UIMainStoryboardFile = Main;
				INFOPLIST_KEY_UISupportedInterfaceOrientations_iPad = "UIInterfaceOrientationPortrait UIInterfaceOrientationPortraitUpsideDown UIInterfaceOrientationLandscapeLeft UIInterfaceOrientationLandscapeRight";
				INFOPLIST_KEY_UISupportedInterfaceOrientations_iPhone = "UIInterfaceOrientationPortrait UIInterfaceOrientationLandscapeLeft UIInterfaceOrientationLandscapeRight";
				IPHONEOS_DEPLOYMENT_TARGET = 15.0;
				LD_RUNPATH_SEARCH_PATHS = (
					"$(inherited)",
					"@executable_path/Frameworks",
				);
				MARKETING_VERSION = 1.0;
				PRODUCT_BUNDLE_IDENTIFIER = "com.itis.-07-011-2021";
				PRODUCT_NAME = "$(TARGET_NAME)";
				SWIFT_EMIT_LOC_STRINGS = YES;
				SWIFT_VERSION = 5.0;
				TARGETED_DEVICE_FAMILY = "1,2";
			};
			name = Debug;
		};
		4DA9A27E2748F00100070A45 /* Release */ = {
			isa = XCBuildConfiguration;
			buildSettings = {
				ASSETCATALOG_COMPILER_APPICON_NAME = AppIcon;
				ASSETCATALOG_COMPILER_GLOBAL_ACCENT_COLOR_NAME = AccentColor;
				CODE_SIGN_STYLE = Automatic;
				CURRENT_PROJECT_VERSION = 1;
				DEVELOPMENT_TEAM = 939KD425D9;
				GENERATE_INFOPLIST_FILE = YES;
				INFOPLIST_FILE = "007-011_2021/Info.plist";
				INFOPLIST_KEY_UIApplicationSupportsIndirectInputEvents = YES;
				INFOPLIST_KEY_UILaunchStoryboardName = LaunchScreen;
				INFOPLIST_KEY_UIMainStoryboardFile = Main;
				INFOPLIST_KEY_UISupportedInterfaceOrientations_iPad = "UIInterfaceOrientationPortrait UIInterfaceOrientationPortraitUpsideDown UIInterfaceOrientationLandscapeLeft UIInterfaceOrientationLandscapeRight";
				INFOPLIST_KEY_UISupportedInterfaceOrientations_iPhone = "UIInterfaceOrientationPortrait UIInterfaceOrientationLandscapeLeft UIInterfaceOrientationLandscapeRight";
				IPHONEOS_DEPLOYMENT_TARGET = 15.0;
				LD_RUNPATH_SEARCH_PATHS = (
					"$(inherited)",
					"@executable_path/Frameworks",
				);
				MARKETING_VERSION = 1.0;
				PRODUCT_BUNDLE_IDENTIFIER = "com.itis.-07-011-2021";
				PRODUCT_NAME = "$(TARGET_NAME)";
				SWIFT_EMIT_LOC_STRINGS = YES;
				SWIFT_VERSION = 5.0;
				TARGETED_DEVICE_FAMILY = "1,2";
			};
			name = Release;
		};
/* End XCBuildConfiguration section */

/* Begin XCConfigurationList section */
		4DA9A2632748EFFF00070A45 /* Build configuration list for PBXProject "007-011_2021" */ = {
			isa = XCConfigurationList;
			buildConfigurations = (
				4DA9A27A2748F00100070A45 /* Debug */,
				4DA9A27B2748F00100070A45 /* Release */,
			);
			defaultConfigurationIsVisible = 0;
			defaultConfigurationName = Release;
		};
		4DA9A27C2748F00100070A45 /* Build configuration list for PBXNativeTarget "007-011_2021" */ = {
			isa = XCConfigurationList;
			buildConfigurations = (
				4DA9A27D2748F00100070A45 /* Debug */,
				4DA9A27E2748F00100070A45 /* Release */,
			);
			defaultConfigurationIsVisible = 0;
			defaultConfigurationName = Release;
		};
/* End XCConfigurationList section */

/* Begin XCVersionGroup section */
		7C7F1D71276F4C1700669E53 /* 007-011_2021.xcdatamodeld */ = {
			isa = XCVersionGroup;
			children = (
				7C7F1D72276F4C1700669E53 /* 007-011_2021.xcdatamodel */,
			);
			currentVersion = 7C7F1D72276F4C1700669E53 /* 007-011_2021.xcdatamodel */;
			path = "007-011_2021.xcdatamodeld";
			sourceTree = "<group>";
			versionGroupType = wrapper.xcdatamodel;
		};
/* End XCVersionGroup section */
	};
	rootObject = 4DA9A2602748EFFF00070A45 /* Project object */;
}
